
Microsoft Visual Studio Solution File, Format Version 12.00
# Visual Studio Version 17
VisualStudioVersion = 17.2.32630.192
MinimumVisualStudioVersion = 10.0.40219.1
Project("{FAE04EC0-301F-11D3-BF4B-00C04F79EFBC}") = "Complete-guide-to-ASP.NET-Core-MVC-.NET-6", "Complete-guide-to-ASP.NET-Core-MVC-.NET-6\Complete-guide-to-ASP.NET-Core-MVC-.NET-6.csproj", "{666DC507-0757-4450-B11E-2DD848376DFE}"
EndProject
Global
	GlobalSection(SolutionConfigurationPlatforms) = preSolution
		Debug|Any CPU = Debug|Any CPU
		Release|Any CPU = Release|Any CPU
	EndGlobalSection
	GlobalSection(ProjectConfigurationPlatforms) = postSolution
		{666DC507-0757-4450-B11E-2DD848376DFE}.Debug|Any CPU.ActiveCfg = Debug|Any CPU
		{666DC507-0757-4450-B11E-2DD848376DFE}.Debug|Any CPU.Build.0 = Debug|Any CPU
		{666DC507-0757-4450-B11E-2DD848376DFE}.Release|Any CPU.ActiveCfg = Release|Any CPU
		{666DC507-0757-4450-B11E-2DD848376DFE}.Release|Any CPU.Build.0 = Release|Any CPU
	EndGlobalSection
	GlobalSection(SolutionProperties) = preSolution
		HideSolutionNode = FALSE
	EndGlobalSection
	GlobalSection(ExtensibilityGlobals) = postSolution
		SolutionGuid = {6FB25B58-914D-4E72-8C58-D8DCD6F1EBBB}
	EndGlobalSection
EndGlobal
